
Microsoft Visual Studio Solution File, Format Version 12.00
# Visual Studio Version 16
VisualStudioVersion = 16.0.29201.188
MinimumVisualStudioVersion = 10.0.40219.1
Project("{9A19103F-16F7-4668-BE54-9A1E7A4F7556}") = "WebSocketTest", "WebSocketTest\WebSocketTest.csproj", "{FF5D5A4B-0A44-4778-8AD1-43AE977EF3CD}"
EndProject
Global
	GlobalSection(SolutionConfigurationPlatforms) = preSolution
		Debug|Any CPU = Debug|Any CPU
		Debug|x64 = Debug|x64
		linux|Any CPU = linux|Any CPU
		linux|x64 = linux|x64
		Release|Any CPU = Release|Any CPU
		Release|x64 = Release|x64
	EndGlobalSection
	GlobalSection(ProjectConfigurationPlatforms) = postSolution
		{FF5D5A4B-0A44-4778-8AD1-43AE977EF3CD}.Debug|Any CPU.ActiveCfg = Debug|Any CPU
		{FF5D5A4B-0A44-4778-8AD1-43AE977EF3CD}.Debug|Any CPU.Build.0 = Debug|Any CPU
		{FF5D5A4B-0A44-4778-8AD1-43AE977EF3CD}.Debug|x64.ActiveCfg = Debug|x64
		{FF5D5A4B-0A44-4778-8AD1-43AE977EF3CD}.Debug|x64.Build.0 = Debug|x64
		{FF5D5A4B-0A44-4778-8AD1-43AE977EF3CD}.linux|Any CPU.ActiveCfg = linux|Any CPU
		{FF5D5A4B-0A44-4778-8AD1-43AE977EF3CD}.linux|Any CPU.Build.0 = linux|Any CPU
		{FF5D5A4B-0A44-4778-8AD1-43AE977EF3CD}.linux|x64.ActiveCfg = linux|x64
		{FF5D5A4B-0A44-4778-8AD1-43AE977EF3CD}.linux|x64.Build.0 = linux|x64
		{FF5D5A4B-0A44-4778-8AD1-43AE977EF3CD}.Release|Any CPU.ActiveCfg = Release|Any CPU
		{FF5D5A4B-0A44-4778-8AD1-43AE977EF3CD}.Release|Any CPU.Build.0 = Release|Any CPU
		{FF5D5A4B-0A44-4778-8AD1-43AE977EF3CD}.Release|x64.ActiveCfg = Release|x64
		{FF5D5A4B-0A44-4778-8AD1-43AE977EF3CD}.Release|x64.Build.0 = Release|x64
	EndGlobalSection
	GlobalSection(SolutionProperties) = preSolution
		HideSolutionNode = FALSE
	EndGlobalSection
	GlobalSection(ExtensibilityGlobals) = postSolution
		SolutionGuid = {6BCCBDB2-AF09-421C-A5FE-805CEA17E316}
	EndGlobalSection
EndGlobal
